
Microsoft Visual Studio Solution File, Format Version 12.00
Project("{FAE04EC0-301F-11D3-BF4B-00C04F79EFBC}") = "AutomationInTesting", "AutomationInTesting\AutomationInTesting.csproj", "{F519BBFC-C37E-4943-8971-9D13521AEE2B}"
EndProject
Global
	GlobalSection(SolutionConfigurationPlatforms) = preSolution
		Debug|Any CPU = Debug|Any CPU
		Release|Any CPU = Release|Any CPU
	EndGlobalSection
	GlobalSection(ProjectConfigurationPlatforms) = postSolution
		{F519BBFC-C37E-4943-8971-9D13521AEE2B}.Debug|Any CPU.ActiveCfg = Debug|Any CPU
		{F519BBFC-C37E-4943-8971-9D13521AEE2B}.Debug|Any CPU.Build.0 = Debug|Any CPU
		{F519BBFC-C37E-4943-8971-9D13521AEE2B}.Release|Any CPU.ActiveCfg = Release|Any CPU
		{F519BBFC-C37E-4943-8971-9D13521AEE2B}.Release|Any CPU.Build.0 = Release|Any CPU
	EndGlobalSection
EndGlobal
